
Microsoft Visual Studio Solution File, Format Version 12.00
Project("{FAE04EC0-301F-11D3-BF4B-00C04F79EFBC}") = "API", "API\API.csproj", "{2CF48E80-F7A1-464A-A20D-E54C866CF8C8}"
EndProject
Project("{FAE04EC0-301F-11D3-BF4B-00C04F79EFBC}") = "Secrets", "Secrets\Secrets.csproj", "{D0B37954-823E-4471-9FC3-CD80110EFC1A}"
EndProject
Global
	GlobalSection(SolutionConfigurationPlatforms) = preSolution
		Debug|Any CPU = Debug|Any CPU
		Release|Any CPU = Release|Any CPU
	EndGlobalSection
	GlobalSection(ProjectConfigurationPlatforms) = postSolution
		{2CF48E80-F7A1-464A-A20D-E54C866CF8C8}.Debug|Any CPU.ActiveCfg = Debug|Any CPU
		{2CF48E80-F7A1-464A-A20D-E54C866CF8C8}.Debug|Any CPU.Build.0 = Debug|Any CPU
		{2CF48E80-F7A1-464A-A20D-E54C866CF8C8}.Release|Any CPU.ActiveCfg = Release|Any CPU
		{2CF48E80-F7A1-464A-A20D-E54C866CF8C8}.Release|Any CPU.Build.0 = Release|Any CPU
		{D0B37954-823E-4471-9FC3-CD80110EFC1A}.Debug|Any CPU.ActiveCfg = Debug|Any CPU
		{D0B37954-823E-4471-9FC3-CD80110EFC1A}.Debug|Any CPU.Build.0 = Debug|Any CPU
		{D0B37954-823E-4471-9FC3-CD80110EFC1A}.Release|Any CPU.ActiveCfg = Release|Any CPU
		{D0B37954-823E-4471-9FC3-CD80110EFC1A}.Release|Any CPU.Build.0 = Release|Any CPU
	EndGlobalSection
EndGlobal
